
Microsoft Visual Studio Solution File, Format Version 12.00
# Visual Studio 15
VisualStudioVersion = 15.0.27703.2035
MinimumVisualStudioVersion = 10.0.40219.1
Project("{FAE04EC0-301F-11D3-BF4B-00C04F79EFBC}") = "iRacing.Setups", "iRacing.Setups\iRacing.Setups.csproj", "{0CA31B15-6246-4952-80D5-B195CB0F7F87}"
EndProject
Project("{FAE04EC0-301F-11D3-BF4B-00C04F79EFBC}") = "iRacing.TelemetrySessions", "iRacing.TelemetrySessions\iRacing.TelemetrySessions.csproj", "{767796A5-966E-43E9-8BDA-AA6DA90A4422}"
EndProject
Project("{FAE04EC0-301F-11D3-BF4B-00C04F79EFBC}") = "iRacing.Common", "iRacing.Common\iRacing.Common.csproj", "{6E3A441F-52ED-470C-A433-BFD2F31A6B0B}"
EndProject
Project("{FAE04EC0-301F-11D3-BF4B-00C04F79EFBC}") = "iRacing.TelemetryFile", "iRacing.TelemetryFile\iRacing.TelemetryFile.csproj", "{F3DBCDE3-1367-41C5-BD12-8E4A556477EF}"
EndProject
Project("{2150E333-8FDC-42A3-9474-1A3956D46DE8}") = "Libraries", "Libraries", "{328E7F57-ECCE-437D-9894-5F2B29D4D25D}"
EndProject
Project("{2150E333-8FDC-42A3-9474-1A3956D46DE8}") = "Applications", "Applications", "{B0AC6141-8651-4679-A02A-1817C23AE106}"
EndProject
Project("{2150E333-8FDC-42A3-9474-1A3956D46DE8}") = "Graphing", "Graphing", "{41780F64-E62B-4A87-8E3B-1E1DD43359F1}"
EndProject
Project("{FAE04EC0-301F-11D3-BF4B-00C04F79EFBC}") = "iRacing.Telemetry.Filters", "iRacing.Telemetry.Filters\iRacing.Telemetry.Filters.csproj", "{4D04A162-2D61-4173-B7D4-DB6A942032C2}"
EndProject
Project("{FAE04EC0-301F-11D3-BF4B-00C04F79EFBC}") = "iRacing.Telemetry.Controls", "iRacing.Telemetry.Controls\iRacing.Telemetry.Controls.csproj", "{8AF86A24-D5EF-4CB6-B7CD-689EEC3C3F5F}"
EndProject
Project("{FAE04EC0-301F-11D3-BF4B-00C04F79EFBC}") = "iRacing.Telemetry.Windows", "iRacing.Telemetry.Windows\iRacing.Telemetry.Windows.csproj", "{275E05A9-01A1-4065-9253-9687BD83FEC2}"
EndProject
Project("{FAE04EC0-301F-11D3-BF4B-00C04F79EFBC}") = "TelemetryViewer", "TelemetryViewer\TelemetryViewer.csproj", "{D88EF194-6253-4AF5-96C2-DE287FFE2531}"
EndProject
Project("{FAE04EC0-301F-11D3-BF4B-00C04F79EFBC}") = "iRSDKSharp", "irsdkSharp\iRSDKSharp.csproj", "{72631B85-EB9A-473E-9B4C-65B355A9000D}"
EndProject
Project("{FAE04EC0-301F-11D3-BF4B-00C04F79EFBC}") = "iRacing.Telemetry", "iRacing.Telemetry\iRacing.Telemetry.csproj", "{94D2803C-A79A-4B46-BE53-3DCBDB5D7C3E}"
EndProject
Project("{FAE04EC0-301F-11D3-BF4B-00C04F79EFBC}") = "iRacing.Telemetry.Data", "iRacing.Telemetry.Data\iRacing.Telemetry.Data.csproj", "{EA6B2147-D5E5-4CB9-AD65-FF2E89D2055F}"
EndProject
Project("{FAE04EC0-301F-11D3-BF4B-00C04F79EFBC}") = "iRacing.Telemetry.Maps", "iRacing.Telemetry.Maps\iRacing.Telemetry.Maps.csproj", "{9FFC0F48-4684-4C70-AC90-F7FF68A854C4}"
EndProject
Global
	GlobalSection(SolutionConfigurationPlatforms) = preSolution
		Debug|Any CPU = Debug|Any CPU
		Release|Any CPU = Release|Any CPU
	EndGlobalSection
	GlobalSection(ProjectConfigurationPlatforms) = postSolution
		{0CA31B15-6246-4952-80D5-B195CB0F7F87}.Debug|Any CPU.ActiveCfg = Debug|Any CPU
		{0CA31B15-6246-4952-80D5-B195CB0F7F87}.Debug|Any CPU.Build.0 = Debug|Any CPU
		{0CA31B15-6246-4952-80D5-B195CB0F7F87}.Release|Any CPU.ActiveCfg = Release|Any CPU
		{0CA31B15-6246-4952-80D5-B195CB0F7F87}.Release|Any CPU.Build.0 = Release|Any CPU
		{767796A5-966E-43E9-8BDA-AA6DA90A4422}.Debug|Any CPU.ActiveCfg = Debug|Any CPU
		{767796A5-966E-43E9-8BDA-AA6DA90A4422}.Debug|Any CPU.Build.0 = Debug|Any CPU
		{767796A5-966E-43E9-8BDA-AA6DA90A4422}.Release|Any CPU.ActiveCfg = Release|Any CPU
		{767796A5-966E-43E9-8BDA-AA6DA90A4422}.Release|Any CPU.Build.0 = Release|Any CPU
		{6E3A441F-52ED-470C-A433-BFD2F31A6B0B}.Debug|Any CPU.ActiveCfg = Debug|Any CPU
		{6E3A441F-52ED-470C-A433-BFD2F31A6B0B}.Debug|Any CPU.Build.0 = Debug|Any CPU
		{6E3A441F-52ED-470C-A433-BFD2F31A6B0B}.Release|Any CPU.ActiveCfg = Release|Any CPU
		{6E3A441F-52ED-470C-A433-BFD2F31A6B0B}.Release|Any CPU.Build.0 = Release|Any CPU
		{F3DBCDE3-1367-41C5-BD12-8E4A556477EF}.Debug|Any CPU.ActiveCfg = Debug|Any CPU
		{F3DBCDE3-1367-41C5-BD12-8E4A556477EF}.Debug|Any CPU.Build.0 = Debug|Any CPU
		{F3DBCDE3-1367-41C5-BD12-8E4A556477EF}.Release|Any CPU.ActiveCfg = Release|Any CPU
		{F3DBCDE3-1367-41C5-BD12-8E4A556477EF}.Release|Any CPU.Build.0 = Release|Any CPU
		{4D04A162-2D61-4173-B7D4-DB6A942032C2}.Debug|Any CPU.ActiveCfg = Debug|Any CPU
		{4D04A162-2D61-4173-B7D4-DB6A942032C2}.Debug|Any CPU.Build.0 = Debug|Any CPU
		{4D04A162-2D61-4173-B7D4-DB6A942032C2}.Release|Any CPU.ActiveCfg = Release|Any CPU
		{4D04A162-2D61-4173-B7D4-DB6A942032C2}.Release|Any CPU.Build.0 = Release|Any CPU
		{8AF86A24-D5EF-4CB6-B7CD-689EEC3C3F5F}.Debug|Any CPU.ActiveCfg = Debug|Any CPU
		{8AF86A24-D5EF-4CB6-B7CD-689EEC3C3F5F}.Debug|Any CPU.Build.0 = Debug|Any CPU
		{8AF86A24-D5EF-4CB6-B7CD-689EEC3C3F5F}.Release|Any CPU.ActiveCfg = Release|Any CPU
		{8AF86A24-D5EF-4CB6-B7CD-689EEC3C3F5F}.Release|Any CPU.Build.0 = Release|Any CPU
		{275E05A9-01A1-4065-9253-9687BD83FEC2}.Debug|Any CPU.ActiveCfg = Debug|Any CPU
		{275E05A9-01A1-4065-9253-9687BD83FEC2}.Debug|Any CPU.Build.0 = Debug|Any CPU
		{275E05A9-01A1-4065-9253-9687BD83FEC2}.Release|Any CPU.ActiveCfg = Release|Any CPU
		{275E05A9-01A1-4065-9253-9687BD83FEC2}.Release|Any CPU.Build.0 = Release|Any CPU
		{D88EF194-6253-4AF5-96C2-DE287FFE2531}.Debug|Any CPU.ActiveCfg = Debug|Any CPU
		{D88EF194-6253-4AF5-96C2-DE287FFE2531}.Debug|Any CPU.Build.0 = Debug|Any CPU
		{D88EF194-6253-4AF5-96C2-DE287FFE2531}.Release|Any CPU.ActiveCfg = Release|Any CPU
		{D88EF194-6253-4AF5-96C2-DE287FFE2531}.Release|Any CPU.Build.0 = Release|Any CPU
		{72631B85-EB9A-473E-9B4C-65B355A9000D}.Debug|Any CPU.ActiveCfg = Debug|Any CPU
		{72631B85-EB9A-473E-9B4C-65B355A9000D}.Debug|Any CPU.Build.0 = Debug|Any CPU
		{72631B85-EB9A-473E-9B4C-65B355A9000D}.Release|Any CPU.ActiveCfg = Release|Any CPU
		{72631B85-EB9A-473E-9B4C-65B355A9000D}.Release|Any CPU.Build.0 = Release|Any CPU
		{94D2803C-A79A-4B46-BE53-3DCBDB5D7C3E}.Debug|Any CPU.ActiveCfg = Debug|Any CPU
		{94D2803C-A79A-4B46-BE53-3DCBDB5D7C3E}.Debug|Any CPU.Build.0 = Debug|Any CPU
		{94D2803C-A79A-4B46-BE53-3DCBDB5D7C3E}.Release|Any CPU.ActiveCfg = Release|Any CPU
		{94D2803C-A79A-4B46-BE53-3DCBDB5D7C3E}.Release|Any CPU.Build.0 = Release|Any CPU
		{EA6B2147-D5E5-4CB9-AD65-FF2E89D2055F}.Debug|Any CPU.ActiveCfg = Debug|Any CPU
		{EA6B2147-D5E5-4CB9-AD65-FF2E89D2055F}.Debug|Any CPU.Build.0 = Debug|Any CPU
		{EA6B2147-D5E5-4CB9-AD65-FF2E89D2055F}.Release|Any CPU.ActiveCfg = Release|Any CPU
		{EA6B2147-D5E5-4CB9-AD65-FF2E89D2055F}.Release|Any CPU.Build.0 = Release|Any CPU
		{9FFC0F48-4684-4C70-AC90-F7FF68A854C4}.Debug|Any CPU.ActiveCfg = Debug|Any CPU
		{9FFC0F48-4684-4C70-AC90-F7FF68A854C4}.Debug|Any CPU.Build.0 = Debug|Any CPU
		{9FFC0F48-4684-4C70-AC90-F7FF68A854C4}.Release|Any CPU.ActiveCfg = Release|Any CPU
		{9FFC0F48-4684-4C70-AC90-F7FF68A854C4}.Release|Any CPU.Build.0 = Release|Any CPU
	EndGlobalSection
	GlobalSection(SolutionProperties) = preSolution
		HideSolutionNode = FALSE
	EndGlobalSection
	GlobalSection(NestedProjects) = preSolution
		{0CA31B15-6246-4952-80D5-B195CB0F7F87} = {328E7F57-ECCE-437D-9894-5F2B29D4D25D}
		{767796A5-966E-43E9-8BDA-AA6DA90A4422} = {328E7F57-ECCE-437D-9894-5F2B29D4D25D}
		{6E3A441F-52ED-470C-A433-BFD2F31A6B0B} = {328E7F57-ECCE-437D-9894-5F2B29D4D25D}
		{F3DBCDE3-1367-41C5-BD12-8E4A556477EF} = {328E7F57-ECCE-437D-9894-5F2B29D4D25D}
		{4D04A162-2D61-4173-B7D4-DB6A942032C2} = {41780F64-E62B-4A87-8E3B-1E1DD43359F1}
		{8AF86A24-D5EF-4CB6-B7CD-689EEC3C3F5F} = {41780F64-E62B-4A87-8E3B-1E1DD43359F1}
		{275E05A9-01A1-4065-9253-9687BD83FEC2} = {B0AC6141-8651-4679-A02A-1817C23AE106}
		{D88EF194-6253-4AF5-96C2-DE287FFE2531} = {B0AC6141-8651-4679-A02A-1817C23AE106}
		{72631B85-EB9A-473E-9B4C-65B355A9000D} = {328E7F57-ECCE-437D-9894-5F2B29D4D25D}
		{94D2803C-A79A-4B46-BE53-3DCBDB5D7C3E} = {328E7F57-ECCE-437D-9894-5F2B29D4D25D}
		{EA6B2147-D5E5-4CB9-AD65-FF2E89D2055F} = {328E7F57-ECCE-437D-9894-5F2B29D4D25D}
		{9FFC0F48-4684-4C70-AC90-F7FF68A854C4} = {41780F64-E62B-4A87-8E3B-1E1DD43359F1}
	EndGlobalSection
	GlobalSection(ExtensibilityGlobals) = postSolution
		SolutionGuid = {488B8756-B26D-444C-86B4-BF212F22EEDF}
	EndGlobalSection
EndGlobal
